
Microsoft Visual Studio Solution File, Format Version 12.00
# Visual Studio Version 16
VisualStudioVersion = 16.0.30204.135
MinimumVisualStudioVersion = 10.0.40219.1
Project("{9A19103F-16F7-4668-BE54-9A1E7A4F7556}") = "SystemTextJsonSerialization", "SystemTextJsonSerialization\SystemTextJsonSerialization.csproj", "{2276C40C-8D7D-46CC-9ED2-4C4948ECE537}"
EndProject
Global
	GlobalSection(SolutionConfigurationPlatforms) = preSolution
		Debug|Any CPU = Debug|Any CPU
		Release|Any CPU = Release|Any CPU
	EndGlobalSection
	GlobalSection(ProjectConfigurationPlatforms) = postSolution
		{2276C40C-8D7D-46CC-9ED2-4C4948ECE537}.Debug|Any CPU.ActiveCfg = Debug|Any CPU
		{2276C40C-8D7D-46CC-9ED2-4C4948ECE537}.Debug|Any CPU.Build.0 = Debug|Any CPU
		{2276C40C-8D7D-46CC-9ED2-4C4948ECE537}.Release|Any CPU.ActiveCfg = Release|Any CPU
		{2276C40C-8D7D-46CC-9ED2-4C4948ECE537}.Release|Any CPU.Build.0 = Release|Any CPU
	EndGlobalSection
	GlobalSection(SolutionProperties) = preSolution
		HideSolutionNode = FALSE
	EndGlobalSection
	GlobalSection(ExtensibilityGlobals) = postSolution
		SolutionGuid = {9B69826B-D9BF-4072-8865-8F10C1C7B3D6}
	EndGlobalSection
EndGlobal
